// !$*UTF8*$!
{
	archiveVersion = 1;
	classes = {
	};
	objectVersion = 46;
	objects = {

/* Begin PBXBuildFile section */
		4053B9CE1B38F00200BC3DF0 /* CalculatorBrain.swift in Sources */ = {isa = PBXBuildFile; fileRef = 4053B9CD1B38F00200BC3DF0 /* CalculatorBrain.swift */; };
		4083A4231B2690D8008094D8 /* AppDelegate.swift in Sources */ = {isa = PBXBuildFile; fileRef = 4083A4221B2690D8008094D8 /* AppDelegate.swift */; };
		4083A4251B2690D8008094D8 /* ViewController.swift in Sources */ = {isa = PBXBuildFile; fileRef = 4083A4241B2690D8008094D8 /* ViewController.swift */; };
		4083A4281B2690D8008094D8 /* Main.storyboard in Resources */ = {isa = PBXBuildFile; fileRef = 4083A4261B2690D8008094D8 /* Main.storyboard */; };
		4083A42A1B2690D8008094D8 /* Images.xcassets in Resources */ = {isa = PBXBuildFile; fileRef = 4083A4291B2690D8008094D8 /* Images.xcassets */; };
		4083A42D1B2690D8008094D8 /* LaunchScreen.xib in Resources */ = {isa = PBXBuildFile; fileRef = 4083A42B1B2690D8008094D8 /* LaunchScreen.xib */; };
		4083A4391B2690D8008094D8 /* CalculatorTests.swift in Sources */ = {isa = PBXBuildFile; fileRef = 4083A4381B2690D8008094D8 /* CalculatorTests.swift */; };
/* End PBXBuildFile section */

/* Begin PBXContainerItemProxy section */
		4083A4331B2690D8008094D8 /* PBXContainerItemProxy */ = {
			isa = PBXContainerItemProxy;
			containerPortal = 4083A4151B2690D8008094D8 /* Project object */;
			proxyType = 1;
			remoteGlobalIDString = 4083A41C1B2690D8008094D8;
			remoteInfo = Calculator;
		};
/* End PBXContainerItemProxy section */

/* Begin PBXFileReference section */
		4053B9CD1B38F00200BC3DF0 /* CalculatorBrain.swift */ = {isa = PBXFileReference; fileEncoding = 4; lastKnownFileType = sourcecode.swift; path = CalculatorBrain.swift; sourceTree = "<group>"; };
		4083A41D1B2690D8008094D8 /* Calculator.app */ = {isa = PBXFileReference; explicitFileType = wrapper.application; includeInIndex = 0; path = Calculator.app; sourceTree = BUILT_PRODUCTS_DIR; };
		4083A4211B2690D8008094D8 /* Info.plist */ = {isa = PBXFileReference; lastKnownFileType = text.plist.xml; path = Info.plist; sourceTree = "<group>"; };
		4083A4221B2690D8008094D8 /* AppDelegate.swift */ = {isa = PBXFileReference; lastKnownFileType = sourcecode.swift; path = AppDelegate.swift; sourceTree = "<group>"; };
		4083A4241B2690D8008094D8 /* ViewController.swift */ = {isa = PBXFileReference; lastKnownFileType = sourcecode.swift; path = ViewController.swift; sourceTree = "<group>"; };
		4083A4271B2690D8008094D8 /* Base */ = {isa = PBXFileReference; lastKnownFileType = file.storyboard; name = Base; path = Base.lproj/Main.storyboard; sourceTree = "<group>"; };
		4083A4291B2690D8008094D8 /* Images.xcassets */ = {isa = PBXFileReference; lastKnownFileType = folder.assetcatalog; path = Images.xcassets; sourceTree = "<group>"; };
		4083A42C1B2690D8008094D8 /* Base */ = {isa = PBXFileReference; lastKnownFileType = file.xib; name = Base; path = Base.lproj/LaunchScreen.xib; sourceTree = "<group>"; };
		4083A4321B2690D8008094D8 /* CalculatorTests.xctest */ = {isa = PBXFileReference; explicitFileType = wrapper.cfbundle; includeInIndex = 0; path = CalculatorTests.xctest; sourceTree = BUILT_PRODUCTS_DIR; };
		4083A4371B2690D8008094D8 /* Info.plist */ = {isa = PBXFileReference; lastKnownFileType = text.plist.xml; path = Info.plist; sourceTree = "<group>"; };
		4083A4381B2690D8008094D8 /* CalculatorTests.swift */ = {isa = PBXFileReference; lastKnownFileType = sourcecode.swift; path = CalculatorTests.swift; sourceTree = "<group>"; };
/* End PBXFileReference section */

/* Begin PBXFrameworksBuildPhase section */
		4083A41A1B2690D8008094D8 /* Frameworks */ = {
			isa = PBXFrameworksBuildPhase;
			buildActionMask = 2147483647;
			files = (
			);
			runOnlyForDeploymentPostprocessing = 0;
		};
		4083A42F1B2690D8008094D8 /* Frameworks */ = {
			isa = PBXFrameworksBuildPhase;
			buildActionMask = 2147483647;
			files = (
			);
			runOnlyForDeploymentPostprocessing = 0;
		};
/* End PBXFrameworksBuildPhase section */

/* Begin PBXGroup section */
		4083A4141B2690D8008094D8 = {
			isa = PBXGroup;
			children = (
				4083A41F1B2690D8008094D8 /* Calculator */,
				4083A4351B2690D8008094D8 /* CalculatorTests */,
				4083A41E1B2690D8008094D8 /* Products */,
			);
			sourceTree = "<group>";
		};
		4083A41E1B2690D8008094D8 /* Products */ = {
			isa = PBXGroup;
			children = (
				4083A41D1B2690D8008094D8 /* Calculator.app */,
				4083A4321B2690D8008094D8 /* CalculatorTests.xctest */,
			);
			name = Products;
			sourceTree = "<group>";
		};
		4083A41F1B2690D8008094D8 /* Calculator */ = {
			isa = PBXGroup;
			children = (
				4083A4221B2690D8008094D8 /* AppDelegate.swift */,
				4083A4241B2690D8008094D8 /* ViewController.swift */,
				4083A4261B2690D8008094D8 /* Main.storyboard */,
				4053B9CD1B38F00200BC3DF0 /* CalculatorBrain.swift */,
				4083A4291B2690D8008094D8 /* Images.xcassets */,
				4083A42B1B2690D8008094D8 /* LaunchScreen.xib */,
				4083A4201B2690D8008094D8 /* Supporting Files */,
			);
			path = Calculator;
			sourceTree = "<group>";
		};
		4083A4201B2690D8008094D8 /* Supporting Files */ = {
			isa = PBXGroup;
			children = (
				4083A4211B2690D8008094D8 /* Info.plist */,
			);
			name = "Supporting Files";
			sourceTree = "<group>";
		};
		4083A4351B2690D8008094D8 /* CalculatorTests */ = {
			isa = PBXGroup;
			children = (
				4083A4381B2690D8008094D8 /* CalculatorTests.swift */,
				4083A4361B2690D8008094D8 /* Supporting Files */,
			);
			path = CalculatorTests;
			sourceTree = "<group>";
		};
		4083A4361B2690D8008094D8 /* Supporting Files */ = {
			isa = PBXGroup;
			children = (
				4083A4371B2690D8008094D8 /* Info.plist */,
			);
			name = "Supporting Files";
			sourceTree = "<group>";
		};
/* End PBXGroup section */

/* Begin PBXNativeTarget section */
		4083A41C1B2690D8008094D8 /* Calculator */ = {
			isa = PBXNativeTarget;
			buildConfigurationList = 4083A43C1B2690D8008094D8 /* Build configuration list for PBXNativeTarget "Calculator" */;
			buildPhases = (
				4083A4191B2690D8008094D8 /* Sources */,
				4083A41A1B2690D8008094D8 /* Frameworks */,
				4083A41B1B2690D8008094D8 /* Resources */,
			);
			buildRules = (
			);
			dependencies = (
			);
			name = Calculator;
			productName = Calculator;
			productReference = 4083A41D1B2690D8008094D8 /* Calculator.app */;
			productType = "com.apple.product-type.application";
		};
		4083A4311B2690D8008094D8 /* CalculatorTests */ = {
			isa = PBXNativeTarget;
			buildConfigurationList = 4083A43F1B2690D8008094D8 /* Build configuration list for PBXNativeTarget "CalculatorTests" */;
			buildPhases = (
				4083A42E1B2690D8008094D8 /* Sources */,
				4083A42F1B2690D8008094D8 /* Frameworks */,
				4083A4301B2690D8008094D8 /* Resources */,
			);
			buildRules = (
			);
			dependencies = (
				4083A4341B2690D8008094D8 /* PBXTargetDependency */,
			);
			name = CalculatorTests;
			productName = CalculatorTests;
			productReference = 4083A4321B2690D8008094D8 /* CalculatorTests.xctest */;
			productType = "com.apple.product-type.bundle.unit-test";
		};
/* End PBXNativeTarget section */

/* Begin PBXProject section */
		4083A4151B2690D8008094D8 /* Project object */ = {
			isa = PBXProject;
			attributes = {
				LastSwiftUpdateCheck = 0700;
				LastUpgradeCheck = 0630;
				ORGANIZATIONNAME = ericchen;
				TargetAttributes = {
					4083A41C1B2690D8008094D8 = {
						CreatedOnToolsVersion = 6.3.2;
					};
					4083A4311B2690D8008094D8 = {
						CreatedOnToolsVersion = 6.3.2;
						TestTargetID = 4083A41C1B2690D8008094D8;
					};
				};
			};
			buildConfigurationList = 4083A4181B2690D8008094D8 /* Build configuration list for PBXProject "Calculator" */;
			compatibilityVersion = "Xcode 3.2";
			developmentRegion = English;
			hasScannedForEncodings = 0;
			knownRegions = (
				en,
				Base,
			);
			mainGroup = 4083A4141B2690D8008094D8;
			productRefGroup = 4083A41E1B2690D8008094D8 /* Products */;
			projectDirPath = "";
			projectRoot = "";
			targets = (
				4083A41C1B2690D8008094D8 /* Calculator */,
				4083A4311B2690D8008094D8 /* CalculatorTests */,
			);
		};
/* End PBXProject section */

/* Begin PBXResourcesBuildPhase section */
		4083A41B1B2690D8008094D8 /* Resources */ = {
			isa = PBXResourcesBuildPhase;
			buildActionMask = 2147483647;
			files = (
				4083A4281B2690D8008094D8 /* Main.storyboard in Resources */,
				4083A42D1B2690D8008094D8 /* LaunchScreen.xib in Resources */,
				4083A42A1B2690D8008094D8 /* Images.xcassets in Resources */,
			);
			runOnlyForDeploymentPostprocessing = 0;
		};
		4083A4301B2690D8008094D8 /* Resources */ = {
			isa = PBXResourcesBuildPhase;
			buildActionMask = 2147483647;
			files = (
			);
			runOnlyForDeploymentPostprocessing = 0;
		};
/* End PBXResourcesBuildPhase section */

/* Begin PBXSourcesBuildPhase section */
		4083A4191B2690D8008094D8 /* Sources */ = {
			isa = PBXSourcesBuildPhase;
			buildActionMask = 2147483647;
			files = (
				4053B9CE1B38F00200BC3DF0 /* CalculatorBrain.swift in Sources */,
				4083A4251B2690D8008094D8 /* ViewController.swift in Sources */,
				4083A4231B2690D8008094D8 /* AppDelegate.swift in Sources */,
			);
			runOnlyForDeploymentPostprocessing = 0;
		};
		4083A42E1B2690D8008094D8 /* Sources */ = {
			isa = PBXSourcesBuildPhase;
			buildActionMask = 2147483647;
			files = (
				4083A4391B2690D8008094D8 /* CalculatorTests.swift in Sources */,
			);
			runOnlyForDeploymentPostprocessing = 0;
		};
/* End PBXSourcesBuildPhase section */

/* Begin PBXTargetDependency section */
		4083A4341B2690D8008094D8 /* PBXTargetDependency */ = {
			isa = PBXTargetDependency;
			target = 4083A41C1B2690D8008094D8 /* Calculator */;
			targetProxy = 4083A4331B2690D8008094D8 /* PBXContainerItemProxy */;
		};
/* End PBXTargetDependency section */

/* Begin PBXVariantGroup section */
		4083A4261B2690D8008094D8 /* Main.storyboard */ = {
			isa = PBXVariantGroup;
			children = (
				4083A4271B2690D8008094D8 /* Base */,
			);
			name = Main.storyboard;
			sourceTree = "<group>";
		};
		4083A42B1B2690D8008094D8 /* LaunchScreen.xib */ = {
			isa = PBXVariantGroup;
			children = (
				4083A42C1B2690D8008094D8 /* Base */,
			);
			name = LaunchScreen.xib;
			sourceTree = "<group>";
		};
/* End PBXVariantGroup section */

/* Begin XCBuildConfiguration section */
		4083A43A1B2690D8008094D8 /* Debug */ = {
			isa = XCBuildConfiguration;
			buildSettings = {
				ALWAYS_SEARCH_USER_PATHS = NO;
				CLANG_CXX_LANGUAGE_STANDARD = "gnu++0x";
				CLANG_CXX_LIBRARY = "libc++";
				CLANG_ENABLE_MODULES = YES;
				CLANG_ENABLE_OBJC_ARC = YES;
				CLANG_WARN_BOOL_CONVERSION = YES;
				CLANG_WARN_CONSTANT_CONVERSION = YES;
				CLANG_WARN_DIRECT_OBJC_ISA_USAGE = YES_ERROR;
				CLANG_WARN_EMPTY_BODY = YES;
				CLANG_WARN_ENUM_CONVERSION = YES;
				CLANG_WARN_INT_CONVERSION = YES;
				CLANG_WARN_OBJC_ROOT_CLASS = YES_ERROR;
				CLANG_WARN_UNREACHABLE_CODE = YES;
				CLANG_WARN__DUPLICATE_METHOD_MATCH = YES;
				"CODE_SIGN_IDENTITY[sdk=iphoneos*]" = "iPhone Developer";
				COPY_PHASE_STRIP = NO;
				DEBUG_INFORMATION_FORMAT = "dwarf-with-dsym";
				ENABLE_STRICT_OBJC_MSGSEND = YES;
				GCC_C_LANGUAGE_STANDARD = gnu99;
				GCC_DYNAMIC_NO_PIC = NO;
				GCC_NO_COMMON_BLOCKS = YES;
				GCC_OPTIMIZATION_LEVEL = 0;
				GCC_PREPROCESSOR_DEFINITIONS = (
					"DEBUG=1",
					"$(inherited)",
				);
				GCC_SYMBOLS_PRIVATE_EXTERN = NO;
				GCC_WARN_64_TO_32_BIT_CONVERSION = YES;
				GCC_WARN_ABOUT_RETURN_TYPE = YES_ERROR;
				GCC_WARN_UNDECLARED_SELECTOR = YES;
				GCC_WARN_UNINITIALIZED_AUTOS = YES_AGGRESSIVE;
				GCC_WARN_UNUSED_FUNCTION = YES;
				GCC_WARN_UNUSED_VARIABLE = YES;
				IPHONEOS_DEPLOYMENT_TARGET = 8.3;
				MTL_ENABLE_DEBUG_INFO = YES;
				ONLY_ACTIVE_ARCH = YES;
				SDKROOT = iphoneos;
				SWIFT_OPTIMIZATION_LEVEL = "-Onone";
				TARGETED_DEVICE_FAMILY = "1,2";
			};
			name = Debug;
		};
		4083A43B1B2690D8008094D8 /* Release */ = {
			isa = XCBuildConfiguration;
			buildSettings = {
				ALWAYS_SEARCH_USER_PATHS = NO;
				CLANG_CXX_LANGUAGE_STANDARD = "gnu++0x";
				CLANG_CXX_LIBRARY = "libc++";
				CLANG_ENABLE_MODULES = YES;
				CLANG_ENABLE_OBJC_ARC = YES;
				CLANG_WARN_BOOL_CONVERSION = YES;
				CLANG_WARN_CONSTANT_CONVERSION = YES;
				CLANG_WARN_DIRECT_OBJC_ISA_USAGE = YES_ERROR;
				CLANG_WARN_EMPTY_BODY = YES;
				CLANG_WARN_ENUM_CONVERSION = YES;
				CLANG_WARN_INT_CONVERSION = YES;
				CLANG_WARN_OBJC_ROOT_CLASS = YES_ERROR;
				CLANG_WARN_UNREACHABLE_CODE = YES;
				CLANG_WARN__DUPLICATE_METHOD_MATCH = YES;
				"CODE_SIGN_IDENTITY[sdk=iphoneos*]" = "iPhone Developer";
				COPY_PHASE_STRIP = NO;
				DEBUG_INFORMATION_FORMAT = "dwarf-with-dsym";
				ENABLE_NS_ASSERTIONS = NO;
				ENABLE_STRICT_OBJC_MSGSEND = YES;
				GCC_C_LANGUAGE_STANDARD = gnu99;
				GCC_NO_COMMON_BLOCKS = YES;
				GCC_WARN_64_TO_32_BIT_CONVERSION = YES;
				GCC_WARN_ABOUT_RETURN_TYPE = YES_ERROR;
				GCC_WARN_UNDECLARED_SELECTOR = YES;
				GCC_WARN_UNINITIALIZED_AUTOS = YES_AGGRESSIVE;
				GCC_WARN_UNUSED_FUNCTION = YES;
				GCC_WARN_UNUSED_VARIABLE = YES;
				IPHONEOS_DEPLOYMENT_TARGET = 8.3;
				MTL_ENABLE_DEBUG_INFO = NO;
				SDKROOT = iphoneos;
				TARGETED_DEVICE_FAMILY = "1,2";
				VALIDATE_PRODUCT = YES;
			};
			name = Release;
		};
		4083A43D1B2690D8008094D8 /* Debug */ = {
			isa = XCBuildConfiguration;
			buildSettings = {
				ASSETCATALOG_COMPILER_APPICON_NAME = AppIcon;
				INFOPLIST_FILE = Calculator/Info.plist;
				LD_RUNPATH_SEARCH_PATHS = "$(inherited) @executable_path/Frameworks";
				PRODUCT_NAME = "$(TARGET_NAME)";
			};
			name = Debug;
		};
		4083A43E1B2690D8008094D8 /* Release */ = {
			isa = XCBuildConfiguration;
			buildSettings = {
				ASSETCATALOG_COMPILER_APPICON_NAME = AppIcon;
				INFOPLIST_FILE = Calculator/Info.plist;
				LD_RUNPATH_SEARCH_PATHS = "$(inherited) @executable_path/Frameworks";
				PRODUCT_NAME = "$(TARGET_NAME)";
			};
			name = Release;
		};
		4083A4401B2690D8008094D8 /* Debug */ = {
			isa = XCBuildConfiguration;
			buildSettings = {
				BUNDLE_LOADER = "$(TEST_HOST)";
				FRAMEWORK_SEARCH_PATHS = (
					"$(SDKROOT)/Developer/Library/Frameworks",
					"$(inherited)",
				);
				GCC_PREPROCESSOR_DEFINITIONS = (
					"DEBUG=1",
					"$(inherited)",
				);
				INFOPLIST_FILE = CalculatorTests/Info.plist;
				LD_RUNPATH_SEARCH_PATHS = "$(inherited) @executable_path/Frameworks @loader_path/Frameworks";
				PRODUCT_NAME = "$(TARGET_NAME)";
				TEST_HOST = "$(BUILT_PRODUCTS_DIR)/Calculator.app/Calculator";
			};
			name = Debug;
		};
		4083A4411B2690D8008094D8 /* Release */ = {
			isa = XCBuildConfiguration;
			buildSettings = {
				BUNDLE_LOADER = "$(TEST_HOST)";
				FRAMEWORK_SEARCH_PATHS = (
					"$(SDKROOT)/Developer/Library/Frameworks",
					"$(inherited)",
				);
				INFOPLIST_FILE = CalculatorTests/Info.plist;
				LD_RUNPATH_SEARCH_PATHS = "$(inherited) @executable_path/Frameworks @loader_path/Frameworks";
				PRODUCT_NAME = "$(TARGET_NAME)";
				TEST_HOST = "$(BUILT_PRODUCTS_DIR)/Calculator.app/Calculator";
			};
			name = Release;
		};
/* End XCBuildConfiguration section */

/* Begin XCConfigurationList section */
		4083A4181B2690D8008094D8 /* Build configuration list for PBXProject "Calculator" */ = {
			isa = XCConfigurationList;
			buildConfigurations = (
				4083A43A1B2690D8008094D8 /* Debug */,
				4083A43B1B2690D8008094D8 /* Release */,
			);
			defaultConfigurationIsVisible = 0;
			defaultConfigurationName = Release;
		};
		4083A43C1B2690D8008094D8 /* Build configuration list for PBXNativeTarget "Calculator" */ = {
			isa = XCConfigurationList;
			buildConfigurations = (
				4083A43D1B2690D8008094D8 /* Debug */,
				4083A43E1B2690D8008094D8 /* Release */,
			);
			defaultConfigurationIsVisible = 0;
			defaultConfigurationName = Release;
		};
		4083A43F1B2690D8008094D8 /* Build configuration list for PBXNativeTarget "CalculatorTests" */ = {
			isa = XCConfigurationList;
			buildConfigurations = (
				4083A4401B2690D8008094D8 /* Debug */,
				4083A4411B2690D8008094D8 /* Release */,
			);
			defaultConfigurationIsVisible = 0;
			defaultConfigurationName = Release;
		};
/* End XCConfigurationList section */
	};
	rootObject = 4083A4151B2690D8008094D8 /* Project object */;
}
